
Microsoft Visual Studio Solution File, Format Version 12.00
# Visual Studio Version 17
VisualStudioVersion = 17.0.31903.59
MinimumVisualStudioVersion = 10.0.40219.1
Project("{FAE04EC0-301F-11D3-BF4B-00C04F79EFBC}") = "NezamMonitor.Core", "NezamMonitor.Core\NezamMonitor.Core.csproj", "{F8A74960-8FFB-48F0-A97F-5F2402D5FACB}"
EndProject
Project("{FAE04EC0-301F-11D3-BF4B-00C04F79EFBC}") = "NezamMonitor.App", "NezamMonitor.App\NezamMonitor.App.csproj", "{0007F866-102F-4A6E-9DBA-9ECFE84F07F8}"
EndProject
Project("{FAE04EC0-301F-11D3-BF4B-00C04F79EFBC}") = "NezamMonitor.Tests", "NezamMonitor.Tests\NezamMonitor.Tests.csproj", "{164EF059-33A2-45A0-B905-0A8D242C95B4}"
EndProject
Global
	GlobalSection(SolutionConfigurationPlatforms) = preSolution
		Debug|Any CPU = Debug|Any CPU
		Release|Any CPU = Release|Any CPU
	EndGlobalSection
	GlobalSection(SolutionProperties) = preSolution
		HideSolutionNode = FALSE
	EndGlobalSection
	GlobalSection(ProjectConfigurationPlatforms) = postSolution
		{F8A74960-8FFB-48F0-A97F-5F2402D5FACB}.Debug|Any CPU.ActiveCfg = Debug|Any CPU
		{F8A74960-8FFB-48F0-A97F-5F2402D5FACB}.Debug|Any CPU.Build.0 = Debug|Any CPU
		{F8A74960-8FFB-48F0-A97F-5F2402D5FACB}.Release|Any CPU.ActiveCfg = Release|Any CPU
		{F8A74960-8FFB-48F0-A97F-5F2402D5FACB}.Release|Any CPU.Build.0 = Release|Any CPU
		{0007F866-102F-4A6E-9DBA-9ECFE84F07F8}.Debug|Any CPU.ActiveCfg = Debug|Any CPU
		{0007F866-102F-4A6E-9DBA-9ECFE84F07F8}.Debug|Any CPU.Build.0 = Debug|Any CPU
		{0007F866-102F-4A6E-9DBA-9ECFE84F07F8}.Release|Any CPU.ActiveCfg = Release|Any CPU
		{0007F866-102F-4A6E-9DBA-9ECFE84F07F8}.Release|Any CPU.Build.0 = Release|Any CPU
		{164EF059-33A2-45A0-B905-0A8D242C95B4}.Debug|Any CPU.ActiveCfg = Debug|Any CPU
		{164EF059-33A2-45A0-B905-0A8D242C95B4}.Debug|Any CPU.Build.0 = Debug|Any CPU
		{164EF059-33A2-45A0-B905-0A8D242C95B4}.Release|Any CPU.ActiveCfg = Release|Any CPU
		{164EF059-33A2-45A0-B905-0A8D242C95B4}.Release|Any CPU.Build.0 = Release|Any CPU
	EndGlobalSection
EndGlobal
